// !$*UTF8*$!
{
	archiveVersion = 1;
	classes = {
	};
	objectVersion = 46;
	objects = {

/* Begin PBXBuildFile section */
		4812F30C1EA42E9500B96232 /* LoginViewController.swift in Sources */ = {isa = PBXBuildFile; fileRef = 4812F30B1EA42E9500B96232 /* LoginViewController.swift */; };
		4869B4191EA43F1A00126C5E /* TwitterClient.swift in Sources */ = {isa = PBXBuildFile; fileRef = 4869B4181EA43F1A00126C5E /* TwitterClient.swift */; };
		4869B41C1EA46BC100126C5E /* User.swift in Sources */ = {isa = PBXBuildFile; fileRef = 4869B41B1EA46BC100126C5E /* User.swift */; };
		489CF3EA1EA3AE7C005C35BD /* AppDelegate.swift in Sources */ = {isa = PBXBuildFile; fileRef = 489CF3E91EA3AE7C005C35BD /* AppDelegate.swift */; };
		489CF3EF1EA3AE7C005C35BD /* Main.storyboard in Resources */ = {isa = PBXBuildFile; fileRef = 489CF3ED1EA3AE7C005C35BD /* Main.storyboard */; };
		489CF3F11EA3AE7C005C35BD /* Assets.xcassets in Resources */ = {isa = PBXBuildFile; fileRef = 489CF3F01EA3AE7C005C35BD /* Assets.xcassets */; };
		489CF3F41EA3AE7C005C35BD /* LaunchScreen.storyboard in Resources */ = {isa = PBXBuildFile; fileRef = 489CF3F21EA3AE7C005C35BD /* LaunchScreen.storyboard */; };
		4BAB9EF4A7E43311CE757DDA /* Pods_twitty.framework in Frameworks */ = {isa = PBXBuildFile; fileRef = 557F8DE30E5A048F1D1E4D02 /* Pods_twitty.framework */; };
/* End PBXBuildFile section */

/* Begin PBXFileReference section */
		19CE23E8A637F605121F808B /* Pods-twitty.release.xcconfig */ = {isa = PBXFileReference; includeInIndex = 1; lastKnownFileType = text.xcconfig; name = "Pods-twitty.release.xcconfig"; path = "Pods/Target Support Files/Pods-twitty/Pods-twitty.release.xcconfig"; sourceTree = "<group>"; };
		4812F30B1EA42E9500B96232 /* LoginViewController.swift */ = {isa = PBXFileReference; fileEncoding = 4; lastKnownFileType = sourcecode.swift; path = LoginViewController.swift; sourceTree = "<group>"; };
		4869B4181EA43F1A00126C5E /* TwitterClient.swift */ = {isa = PBXFileReference; fileEncoding = 4; lastKnownFileType = sourcecode.swift; path = TwitterClient.swift; sourceTree = "<group>"; };
		4869B41B1EA46BC100126C5E /* User.swift */ = {isa = PBXFileReference; fileEncoding = 4; lastKnownFileType = sourcecode.swift; path = User.swift; sourceTree = "<group>"; };
		489CF3E61EA3AE7C005C35BD /* twitty.app */ = {isa = PBXFileReference; explicitFileType = wrapper.application; includeInIndex = 0; path = twitty.app; sourceTree = BUILT_PRODUCTS_DIR; };
		489CF3E91EA3AE7C005C35BD /* AppDelegate.swift */ = {isa = PBXFileReference; lastKnownFileType = sourcecode.swift; path = AppDelegate.swift; sourceTree = "<group>"; };
		489CF3EE1EA3AE7C005C35BD /* Base */ = {isa = PBXFileReference; lastKnownFileType = file.storyboard; name = Base; path = Base.lproj/Main.storyboard; sourceTree = "<group>"; };
		489CF3F01EA3AE7C005C35BD /* Assets.xcassets */ = {isa = PBXFileReference; lastKnownFileType = folder.assetcatalog; path = Assets.xcassets; sourceTree = "<group>"; };
		489CF3F31EA3AE7C005C35BD /* Base */ = {isa = PBXFileReference; lastKnownFileType = file.storyboard; name = Base; path = Base.lproj/LaunchScreen.storyboard; sourceTree = "<group>"; };
		489CF3F51EA3AE7C005C35BD /* Info.plist */ = {isa = PBXFileReference; lastKnownFileType = text.plist.xml; path = Info.plist; sourceTree = "<group>"; };
		557F8DE30E5A048F1D1E4D02 /* Pods_twitty.framework */ = {isa = PBXFileReference; explicitFileType = wrapper.framework; includeInIndex = 0; path = Pods_twitty.framework; sourceTree = BUILT_PRODUCTS_DIR; };
		8C6D33C97A96C5431525128E /* Pods-twitty.debug.xcconfig */ = {isa = PBXFileReference; includeInIndex = 1; lastKnownFileType = text.xcconfig; name = "Pods-twitty.debug.xcconfig"; path = "Pods/Target Support Files/Pods-twitty/Pods-twitty.debug.xcconfig"; sourceTree = "<group>"; };
/* End PBXFileReference section */

/* Begin PBXFrameworksBuildPhase section */
		489CF3E31EA3AE7C005C35BD /* Frameworks */ = {
			isa = PBXFrameworksBuildPhase;
			buildActionMask = 2147483647;
			files = (
				4BAB9EF4A7E43311CE757DDA /* Pods_twitty.framework in Frameworks */,
			);
			runOnlyForDeploymentPostprocessing = 0;
		};
/* End PBXFrameworksBuildPhase section */

/* Begin PBXGroup section */
		4812F30A1EA42E7200B96232 /* View Controller */ = {
			isa = PBXGroup;
			children = (
				4812F30B1EA42E9500B96232 /* LoginViewController.swift */,
			);
			name = "View Controller";
			sourceTree = "<group>";
		};
		4869B4171EA43EEC00126C5E /* API */ = {
			isa = PBXGroup;
			children = (
				4869B4181EA43F1A00126C5E /* TwitterClient.swift */,
			);
			name = API;
			sourceTree = "<group>";
		};
		4869B41A1EA46B8D00126C5E /* Model */ = {
			isa = PBXGroup;
			children = (
				4869B41B1EA46BC100126C5E /* User.swift */,
			);
			name = Model;
			sourceTree = "<group>";
		};
		489CF3DD1EA3AE7C005C35BD = {
			isa = PBXGroup;
			children = (
				489CF3E81EA3AE7C005C35BD /* twitty */,
				489CF3E71EA3AE7C005C35BD /* Products */,
				EF4217E62912296E5AC7057E /* Pods */,
				6B564E3242B3DAF6DE1B4E40 /* Frameworks */,
			);
			sourceTree = "<group>";
		};
		489CF3E71EA3AE7C005C35BD /* Products */ = {
			isa = PBXGroup;
			children = (
				489CF3E61EA3AE7C005C35BD /* twitty.app */,
			);
			name = Products;
			sourceTree = "<group>";
		};
		489CF3E81EA3AE7C005C35BD /* twitty */ = {
			isa = PBXGroup;
			children = (
				4869B41A1EA46B8D00126C5E /* Model */,
				4869B4171EA43EEC00126C5E /* API */,
				4812F30A1EA42E7200B96232 /* View Controller */,
				489CF3E91EA3AE7C005C35BD /* AppDelegate.swift */,
				489CF3ED1EA3AE7C005C35BD /* Main.storyboard */,
				489CF3F01EA3AE7C005C35BD /* Assets.xcassets */,
				489CF3F21EA3AE7C005C35BD /* LaunchScreen.storyboard */,
				489CF3F51EA3AE7C005C35BD /* Info.plist */,
			);
			path = twitty;
			sourceTree = "<group>";
		};
		6B564E3242B3DAF6DE1B4E40 /* Frameworks */ = {
			isa = PBXGroup;
			children = (
				557F8DE30E5A048F1D1E4D02 /* Pods_twitty.framework */,
			);
			name = Frameworks;
			sourceTree = "<group>";
		};
		EF4217E62912296E5AC7057E /* Pods */ = {
			isa = PBXGroup;
			children = (
				8C6D33C97A96C5431525128E /* Pods-twitty.debug.xcconfig */,
				19CE23E8A637F605121F808B /* Pods-twitty.release.xcconfig */,
			);
			name = Pods;
			sourceTree = "<group>";
		};
/* End PBXGroup section */

/* Begin PBXNativeTarget section */
		489CF3E51EA3AE7C005C35BD /* twitty */ = {
			isa = PBXNativeTarget;
			buildConfigurationList = 489CF3F81EA3AE7C005C35BD /* Build configuration list for PBXNativeTarget "twitty" */;
			buildPhases = (
				5D64B46DDCC22F10E19BD793 /* [CP] Check Pods Manifest.lock */,
				489CF3E21EA3AE7C005C35BD /* Sources */,
				489CF3E31EA3AE7C005C35BD /* Frameworks */,
				489CF3E41EA3AE7C005C35BD /* Resources */,
				22938E55529D764EAB1951AE /* [CP] Embed Pods Frameworks */,
				E0CCC19D8282B8826C8E1A47 /* [CP] Copy Pods Resources */,
			);
			buildRules = (
			);
			dependencies = (
			);
			name = twitty;
			productName = twitty;
			productReference = 489CF3E61EA3AE7C005C35BD /* twitty.app */;
			productType = "com.apple.product-type.application";
		};
/* End PBXNativeTarget section */

/* Begin PBXProject section */
		489CF3DE1EA3AE7C005C35BD /* Project object */ = {
			isa = PBXProject;
			attributes = {
				LastSwiftUpdateCheck = 0830;
				LastUpgradeCheck = 0830;
				ORGANIZATIONNAME = biswa;
				TargetAttributes = {
					489CF3E51EA3AE7C005C35BD = {
						CreatedOnToolsVersion = 8.3.1;
						ProvisioningStyle = Automatic;
					};
				};
			};
			buildConfigurationList = 489CF3E11EA3AE7C005C35BD /* Build configuration list for PBXProject "twitty" */;
			compatibilityVersion = "Xcode 3.2";
			developmentRegion = English;
			hasScannedForEncodings = 0;
			knownRegions = (
				en,
				Base,
			);
			mainGroup = 489CF3DD1EA3AE7C005C35BD;
			productRefGroup = 489CF3E71EA3AE7C005C35BD /* Products */;
			projectDirPath = "";
			projectRoot = "";
			targets = (
				489CF3E51EA3AE7C005C35BD /* twitty */,
			);
		};
/* End PBXProject section */

/* Begin PBXResourcesBuildPhase section */
		489CF3E41EA3AE7C005C35BD /* Resources */ = {
			isa = PBXResourcesBuildPhase;
			buildActionMask = 2147483647;
			files = (
				489CF3F41EA3AE7C005C35BD /* LaunchScreen.storyboard in Resources */,
				489CF3F11EA3AE7C005C35BD /* Assets.xcassets in Resources */,
				489CF3EF1EA3AE7C005C35BD /* Main.storyboard in Resources */,
			);
			runOnlyForDeploymentPostprocessing = 0;
		};
/* End PBXResourcesBuildPhase section */

/* Begin PBXShellScriptBuildPhase section */
		22938E55529D764EAB1951AE /* [CP] Embed Pods Frameworks */ = {
			isa = PBXShellScriptBuildPhase;
			buildActionMask = 2147483647;
			files = (
			);
			inputPaths = (
			);
			name = "[CP] Embed Pods Frameworks";
			outputPaths = (
			);
			runOnlyForDeploymentPostprocessing = 0;
			shellPath = /bin/sh;
			shellScript = "\"${SRCROOT}/Pods/Target Support Files/Pods-twitty/Pods-twitty-frameworks.sh\"\n";
			showEnvVarsInLog = 0;
		};
		5D64B46DDCC22F10E19BD793 /* [CP] Check Pods Manifest.lock */ = {
			isa = PBXShellScriptBuildPhase;
			buildActionMask = 2147483647;
			files = (
			);
			inputPaths = (
			);
			name = "[CP] Check Pods Manifest.lock";
			outputPaths = (
			);
			runOnlyForDeploymentPostprocessing = 0;
			shellPath = /bin/sh;
			shellScript = "diff \"${PODS_ROOT}/../Podfile.lock\" \"${PODS_ROOT}/Manifest.lock\" > /dev/null\nif [ $? != 0 ] ; then\n    # print error to STDERR\n    echo \"error: The sandbox is not in sync with the Podfile.lock. Run 'pod install' or update your CocoaPods installation.\" >&2\n    exit 1\nfi\n";
			showEnvVarsInLog = 0;
		};
		E0CCC19D8282B8826C8E1A47 /* [CP] Copy Pods Resources */ = {
			isa = PBXShellScriptBuildPhase;
			buildActionMask = 2147483647;
			files = (
			);
			inputPaths = (
			);
			name = "[CP] Copy Pods Resources";
			outputPaths = (
			);
			runOnlyForDeploymentPostprocessing = 0;
			shellPath = /bin/sh;
			shellScript = "\"${SRCROOT}/Pods/Target Support Files/Pods-twitty/Pods-twitty-resources.sh\"\n";
			showEnvVarsInLog = 0;
		};
/* End PBXShellScriptBuildPhase section */

/* Begin PBXSourcesBuildPhase section */
		489CF3E21EA3AE7C005C35BD /* Sources */ = {
			isa = PBXSourcesBuildPhase;
			buildActionMask = 2147483647;
			files = (
				4869B41C1EA46BC100126C5E /* User.swift in Sources */,
				4812F30C1EA42E9500B96232 /* LoginViewController.swift in Sources */,
				4869B4191EA43F1A00126C5E /* TwitterClient.swift in Sources */,
				489CF3EA1EA3AE7C005C35BD /* AppDelegate.swift in Sources */,
			);
			runOnlyForDeploymentPostprocessing = 0;
		};
/* End PBXSourcesBuildPhase section */

/* Begin PBXVariantGroup section */
		489CF3ED1EA3AE7C005C35BD /* Main.storyboard */ = {
			isa = PBXVariantGroup;
			children = (
				489CF3EE1EA3AE7C005C35BD /* Base */,
			);
			name = Main.storyboard;
			sourceTree = "<group>";
		};
		489CF3F21EA3AE7C005C35BD /* LaunchScreen.storyboard */ = {
			isa = PBXVariantGroup;
			children = (
				489CF3F31EA3AE7C005C35BD /* Base */,
			);
			name = LaunchScreen.storyboard;
			sourceTree = "<group>";
		};
/* End PBXVariantGroup section */

/* Begin XCBuildConfiguration section */
		489CF3F61EA3AE7C005C35BD /* Debug */ = {
			isa = XCBuildConfiguration;
			buildSettings = {
				ALWAYS_SEARCH_USER_PATHS = NO;
				CLANG_ANALYZER_NONNULL = YES;
				CLANG_ANALYZER_NUMBER_OBJECT_CONVERSION = YES_AGGRESSIVE;
				CLANG_CXX_LANGUAGE_STANDARD = "gnu++0x";
				CLANG_CXX_LIBRARY = "libc++";
				CLANG_ENABLE_MODULES = YES;
				CLANG_ENABLE_OBJC_ARC = YES;
				CLANG_WARN_BOOL_CONVERSION = YES;
				CLANG_WARN_CONSTANT_CONVERSION = YES;
				CLANG_WARN_DIRECT_OBJC_ISA_USAGE = YES_ERROR;
				CLANG_WARN_DOCUMENTATION_COMMENTS = YES;
				CLANG_WARN_EMPTY_BODY = YES;
				CLANG_WARN_ENUM_CONVERSION = YES;
				CLANG_WARN_INFINITE_RECURSION = YES;
				CLANG_WARN_INT_CONVERSION = YES;
				CLANG_WARN_OBJC_ROOT_CLASS = YES_ERROR;
				CLANG_WARN_SUSPICIOUS_MOVE = YES;
				CLANG_WARN_UNREACHABLE_CODE = YES;
				CLANG_WARN__DUPLICATE_METHOD_MATCH = YES;
				"CODE_SIGN_IDENTITY[sdk=iphoneos*]" = "iPhone Developer";
				COPY_PHASE_STRIP = NO;
				DEBUG_INFORMATION_FORMAT = dwarf;
				ENABLE_STRICT_OBJC_MSGSEND = YES;
				ENABLE_TESTABILITY = YES;
				GCC_C_LANGUAGE_STANDARD = gnu99;
				GCC_DYNAMIC_NO_PIC = NO;
				GCC_NO_COMMON_BLOCKS = YES;
				GCC_OPTIMIZATION_LEVEL = 0;
				GCC_PREPROCESSOR_DEFINITIONS = (
					"DEBUG=1",
					"$(inherited)",
				);
				GCC_WARN_64_TO_32_BIT_CONVERSION = YES;
				GCC_WARN_ABOUT_RETURN_TYPE = YES_ERROR;
				GCC_WARN_UNDECLARED_SELECTOR = YES;
				GCC_WARN_UNINITIALIZED_AUTOS = YES_AGGRESSIVE;
				GCC_WARN_UNUSED_FUNCTION = YES;
				GCC_WARN_UNUSED_VARIABLE = YES;
				IPHONEOS_DEPLOYMENT_TARGET = 10.3;
				MTL_ENABLE_DEBUG_INFO = YES;
				ONLY_ACTIVE_ARCH = YES;
				SDKROOT = iphoneos;
				SWIFT_ACTIVE_COMPILATION_CONDITIONS = DEBUG;
				SWIFT_OPTIMIZATION_LEVEL = "-Onone";
			};
			name = Debug;
		};
		489CF3F71EA3AE7C005C35BD /* Release */ = {
			isa = XCBuildConfiguration;
			buildSettings = {
				ALWAYS_SEARCH_USER_PATHS = NO;
				CLANG_ANALYZER_NONNULL = YES;
				CLANG_ANALYZER_NUMBER_OBJECT_CONVERSION = YES_AGGRESSIVE;
				CLANG_CXX_LANGUAGE_STANDARD = "gnu++0x";
				CLANG_CXX_LIBRARY = "libc++";
				CLANG_ENABLE_MODULES = YES;
				CLANG_ENABLE_OBJC_ARC = YES;
				CLANG_WARN_BOOL_CONVERSION = YES;
				CLANG_WARN_CONSTANT_CONVERSION = YES;
				CLANG_WARN_DIRECT_OBJC_ISA_USAGE = YES_ERROR;
				CLANG_WARN_DOCUMENTATION_COMMENTS = YES;
				CLANG_WARN_EMPTY_BODY = YES;
				CLANG_WARN_ENUM_CONVERSION = YES;
				CLANG_WARN_INFINITE_RECURSION = YES;
				CLANG_WARN_INT_CONVERSION = YES;
				CLANG_WARN_OBJC_ROOT_CLASS = YES_ERROR;
				CLANG_WARN_SUSPICIOUS_MOVE = YES;
				CLANG_WARN_UNREACHABLE_CODE = YES;
				CLANG_WARN__DUPLICATE_METHOD_MATCH = YES;
				"CODE_SIGN_IDENTITY[sdk=iphoneos*]" = "iPhone Developer";
				COPY_PHASE_STRIP = NO;
				DEBUG_INFORMATION_FORMAT = "dwarf-with-dsym";
				ENABLE_NS_ASSERTIONS = NO;
				ENABLE_STRICT_OBJC_MSGSEND = YES;
				GCC_C_LANGUAGE_STANDARD = gnu99;
				GCC_NO_COMMON_BLOCKS = YES;
				GCC_WARN_64_TO_32_BIT_CONVERSION = YES;
				GCC_WARN_ABOUT_RETURN_TYPE = YES_ERROR;
				GCC_WARN_UNDECLARED_SELECTOR = YES;
				GCC_WARN_UNINITIALIZED_AUTOS = YES_AGGRESSIVE;
				GCC_WARN_UNUSED_FUNCTION = YES;
				GCC_WARN_UNUSED_VARIABLE = YES;
				IPHONEOS_DEPLOYMENT_TARGET = 10.3;
				MTL_ENABLE_DEBUG_INFO = NO;
				SDKROOT = iphoneos;
				SWIFT_OPTIMIZATION_LEVEL = "-Owholemodule";
				VALIDATE_PRODUCT = YES;
			};
			name = Release;
		};
		489CF3F91EA3AE7C005C35BD /* Debug */ = {
			isa = XCBuildConfiguration;
			baseConfigurationReference = 8C6D33C97A96C5431525128E /* Pods-twitty.debug.xcconfig */;
			buildSettings = {
				ASSETCATALOG_COMPILER_APPICON_NAME = AppIcon;
				INFOPLIST_FILE = twitty/Info.plist;
				LD_RUNPATH_SEARCH_PATHS = "$(inherited) @executable_path/Frameworks";
				PRODUCT_BUNDLE_IDENTIFIER = com.codepath.twitty;
				PRODUCT_NAME = "$(TARGET_NAME)";
				SWIFT_VERSION = 3.0;
			};
			name = Debug;
		};
		489CF3FA1EA3AE7C005C35BD /* Release */ = {
			isa = XCBuildConfiguration;
			baseConfigurationReference = 19CE23E8A637F605121F808B /* Pods-twitty.release.xcconfig */;
			buildSettings = {
				ASSETCATALOG_COMPILER_APPICON_NAME = AppIcon;
				INFOPLIST_FILE = twitty/Info.plist;
				LD_RUNPATH_SEARCH_PATHS = "$(inherited) @executable_path/Frameworks";
				PRODUCT_BUNDLE_IDENTIFIER = com.codepath.twitty;
				PRODUCT_NAME = "$(TARGET_NAME)";
				SWIFT_VERSION = 3.0;
			};
			name = Release;
		};
/* End XCBuildConfiguration section */

/* Begin XCConfigurationList section */
		489CF3E11EA3AE7C005C35BD /* Build configuration list for PBXProject "twitty" */ = {
			isa = XCConfigurationList;
			buildConfigurations = (
				489CF3F61EA3AE7C005C35BD /* Debug */,
				489CF3F71EA3AE7C005C35BD /* Release */,
			);
			defaultConfigurationIsVisible = 0;
			defaultConfigurationName = Release;
		};
		489CF3F81EA3AE7C005C35BD /* Build configuration list for PBXNativeTarget "twitty" */ = {
			isa = XCConfigurationList;
			buildConfigurations = (
				489CF3F91EA3AE7C005C35BD /* Debug */,
				489CF3FA1EA3AE7C005C35BD /* Release */,
			);
			defaultConfigurationIsVisible = 0;
			defaultConfigurationName = Release;
		};
/* End XCConfigurationList section */
	};
	rootObject = 489CF3DE1EA3AE7C005C35BD /* Project object */;
}
